// !$*UTF8*$!
{
	archiveVersion = 1;
	classes = {
	};
	objectVersion = 46;
	objects = {

/* Begin PBXBuildFile section */
		2080E28B1D902D5000FEC8A7 /* AppDelegate.swift in Sources */ = {isa = PBXBuildFile; fileRef = 2080E28A1D902D5000FEC8A7 /* AppDelegate.swift */; };
		2080E28D1D902D5000FEC8A7 /* ViewController.swift in Sources */ = {isa = PBXBuildFile; fileRef = 2080E28C1D902D5000FEC8A7 /* ViewController.swift */; };
		2080E2A31D902D5000FEC8A7 /* iStatisticsTests.swift in Sources */ = {isa = PBXBuildFile; fileRef = 2080E2A21D902D5000FEC8A7 /* iStatisticsTests.swift */; };
		2080E2AE1D902D5000FEC8A7 /* iStatisticsUITests.swift in Sources */ = {isa = PBXBuildFile; fileRef = 2080E2AD1D902D5000FEC8A7 /* iStatisticsUITests.swift */; };
		2080E2C21D9030E000FEC8A7 /* iStatistics.xcdatamodeld in Sources */ = {isa = PBXBuildFile; fileRef = 2080E2C01D9030E000FEC8A7 /* iStatistics.xcdatamodeld */; };
		2080E2C61D90310600FEC8A7 /* Assets.xcassets in Resources */ = {isa = PBXBuildFile; fileRef = 2080E2C31D90310600FEC8A7 /* Assets.xcassets */; };
		2080E2C81D90310600FEC8A7 /* testData.json in Resources */ = {isa = PBXBuildFile; fileRef = 2080E2C51D90310600FEC8A7 /* testData.json */; };
		2080E2CC1D90314600FEC8A7 /* LaunchScreen.storyboard in Resources */ = {isa = PBXBuildFile; fileRef = 2080E2CA1D90314600FEC8A7 /* LaunchScreen.storyboard */; };
		2080E2CD1D90314600FEC8A7 /* Main.storyboard in Resources */ = {isa = PBXBuildFile; fileRef = 2080E2CB1D90314600FEC8A7 /* Main.storyboard */; };
		2080E2E81D90493400FEC8A7 /* StatisticsController.swift in Sources */ = {isa = PBXBuildFile; fileRef = 2080E2E71D90493400FEC8A7 /* StatisticsController.swift */; };
		2080E2F01D904F3900FEC8A7 /* Field+CoreDataClass.swift in Sources */ = {isa = PBXBuildFile; fileRef = 2080E2EE1D904F3900FEC8A7 /* Field+CoreDataClass.swift */; };
		2080E2F11D904F3900FEC8A7 /* Field+CoreDataProperties.swift in Sources */ = {isa = PBXBuildFile; fileRef = 2080E2EF1D904F3900FEC8A7 /* Field+CoreDataProperties.swift */; };
		2080E2F41D90550800FEC8A7 /* CoreDataStack.swift in Sources */ = {isa = PBXBuildFile; fileRef = 2080E2F31D90550800FEC8A7 /* CoreDataStack.swift */; };
		A6D845911D90FEA800DC4DC4 /* Statistics+CoreDataClass.swift in Sources */ = {isa = PBXBuildFile; fileRef = A6D8458F1D90FEA800DC4DC4 /* Statistics+CoreDataClass.swift */; };
		A6D845921D90FEA800DC4DC4 /* Statistics+CoreDataProperties.swift in Sources */ = {isa = PBXBuildFile; fileRef = A6D845901D90FEA800DC4DC4 /* Statistics+CoreDataProperties.swift */; };
		A6D845971D910C5D00DC4DC4 /* Checkpoint+CoreDataClass.swift in Sources */ = {isa = PBXBuildFile; fileRef = A6D845931D910C5D00DC4DC4 /* Checkpoint+CoreDataClass.swift */; };
		A6D845981D910C5D00DC4DC4 /* Checkpoint+CoreDataProperties.swift in Sources */ = {isa = PBXBuildFile; fileRef = A6D845941D910C5D00DC4DC4 /* Checkpoint+CoreDataProperties.swift */; };
		A6D845991D910C5D00DC4DC4 /* Onetime+CoreDataClass.swift in Sources */ = {isa = PBXBuildFile; fileRef = A6D845951D910C5D00DC4DC4 /* Onetime+CoreDataClass.swift */; };
		A6D8459A1D910C5D00DC4DC4 /* Onetime+CoreDataProperties.swift in Sources */ = {isa = PBXBuildFile; fileRef = A6D845961D910C5D00DC4DC4 /* Onetime+CoreDataProperties.swift */; };
/* End PBXBuildFile section */

/* Begin PBXContainerItemProxy section */
		2080E29F1D902D5000FEC8A7 /* PBXContainerItemProxy */ = {
			isa = PBXContainerItemProxy;
			containerPortal = 2080E27F1D902D5000FEC8A7 /* Project object */;
			proxyType = 1;
			remoteGlobalIDString = 2080E2861D902D5000FEC8A7;
			remoteInfo = iStatistics;
		};
		2080E2AA1D902D5000FEC8A7 /* PBXContainerItemProxy */ = {
			isa = PBXContainerItemProxy;
			containerPortal = 2080E27F1D902D5000FEC8A7 /* Project object */;
			proxyType = 1;
			remoteGlobalIDString = 2080E2861D902D5000FEC8A7;
			remoteInfo = iStatistics;
		};
/* End PBXContainerItemProxy section */

/* Begin PBXFileReference section */
		2080E2871D902D5000FEC8A7 /* iStatistics.app */ = {isa = PBXFileReference; explicitFileType = wrapper.application; includeInIndex = 0; path = iStatistics.app; sourceTree = BUILT_PRODUCTS_DIR; };
		2080E28A1D902D5000FEC8A7 /* AppDelegate.swift */ = {isa = PBXFileReference; lastKnownFileType = sourcecode.swift; path = AppDelegate.swift; sourceTree = "<group>"; };
		2080E28C1D902D5000FEC8A7 /* ViewController.swift */ = {isa = PBXFileReference; lastKnownFileType = sourcecode.swift; path = ViewController.swift; sourceTree = "<group>"; };
		2080E2991D902D5000FEC8A7 /* Info.plist */ = {isa = PBXFileReference; lastKnownFileType = text.plist.xml; path = Info.plist; sourceTree = "<group>"; };
		2080E29E1D902D5000FEC8A7 /* iStatisticsTests.xctest */ = {isa = PBXFileReference; explicitFileType = wrapper.cfbundle; includeInIndex = 0; path = iStatisticsTests.xctest; sourceTree = BUILT_PRODUCTS_DIR; };
		2080E2A21D902D5000FEC8A7 /* iStatisticsTests.swift */ = {isa = PBXFileReference; lastKnownFileType = sourcecode.swift; path = iStatisticsTests.swift; sourceTree = "<group>"; };
		2080E2A41D902D5000FEC8A7 /* Info.plist */ = {isa = PBXFileReference; lastKnownFileType = text.plist.xml; path = Info.plist; sourceTree = "<group>"; };
		2080E2A91D902D5000FEC8A7 /* iStatisticsUITests.xctest */ = {isa = PBXFileReference; explicitFileType = wrapper.cfbundle; includeInIndex = 0; path = iStatisticsUITests.xctest; sourceTree = BUILT_PRODUCTS_DIR; };
		2080E2AD1D902D5000FEC8A7 /* iStatisticsUITests.swift */ = {isa = PBXFileReference; lastKnownFileType = sourcecode.swift; path = iStatisticsUITests.swift; sourceTree = "<group>"; };
		2080E2AF1D902D5000FEC8A7 /* Info.plist */ = {isa = PBXFileReference; lastKnownFileType = text.plist.xml; path = Info.plist; sourceTree = "<group>"; };
		2080E2C11D9030E000FEC8A7 /* test.xcdatamodel */ = {isa = PBXFileReference; lastKnownFileType = wrapper.xcdatamodel; path = test.xcdatamodel; sourceTree = "<group>"; };
		2080E2C31D90310600FEC8A7 /* Assets.xcassets */ = {isa = PBXFileReference; lastKnownFileType = folder.assetcatalog; name = Assets.xcassets; path = Resourses/Assets.xcassets; sourceTree = "<group>"; };
		2080E2C51D90310600FEC8A7 /* testData.json */ = {isa = PBXFileReference; fileEncoding = 4; lastKnownFileType = text.json; name = testData.json; path = Resourses/testData.json; sourceTree = "<group>"; };
		2080E2CA1D90314600FEC8A7 /* LaunchScreen.storyboard */ = {isa = PBXFileReference; fileEncoding = 4; lastKnownFileType = file.storyboard; name = LaunchScreen.storyboard; path = Resourses/Storyboard/LaunchScreen.storyboard; sourceTree = "<group>"; };
		2080E2CB1D90314600FEC8A7 /* Main.storyboard */ = {isa = PBXFileReference; fileEncoding = 4; lastKnownFileType = file.storyboard; name = Main.storyboard; path = Resourses/Storyboard/Main.storyboard; sourceTree = "<group>"; };
		2080E2E71D90493400FEC8A7 /* StatisticsController.swift */ = {isa = PBXFileReference; fileEncoding = 4; lastKnownFileType = sourcecode.swift; path = StatisticsController.swift; sourceTree = "<group>"; };
		2080E2EE1D904F3900FEC8A7 /* Field+CoreDataClass.swift */ = {isa = PBXFileReference; fileEncoding = 4; lastKnownFileType = sourcecode.swift; name = "Field+CoreDataClass.swift"; path = "Model/Field/Field+CoreDataClass.swift"; sourceTree = "<group>"; };
		2080E2EF1D904F3900FEC8A7 /* Field+CoreDataProperties.swift */ = {isa = PBXFileReference; fileEncoding = 4; lastKnownFileType = sourcecode.swift; name = "Field+CoreDataProperties.swift"; path = "Model/Field/Field+CoreDataProperties.swift"; sourceTree = "<group>"; };
		2080E2F21D90507E00FEC8A7 /* iStatistics.xcdatamodel */ = {isa = PBXFileReference; lastKnownFileType = wrapper.xcdatamodel; path = iStatistics.xcdatamodel; sourceTree = "<group>"; };
		2080E2F31D90550800FEC8A7 /* CoreDataStack.swift */ = {isa = PBXFileReference; fileEncoding = 4; lastKnownFileType = sourcecode.swift; name = CoreDataStack.swift; path = Controller/CoreDataStack.swift; sourceTree = "<group>"; };
		A6D8458F1D90FEA800DC4DC4 /* Statistics+CoreDataClass.swift */ = {isa = PBXFileReference; fileEncoding = 4; lastKnownFileType = sourcecode.swift; name = "Statistics+CoreDataClass.swift"; path = "Model/Statistics/Statistics+CoreDataClass.swift"; sourceTree = "<group>"; };
		A6D845901D90FEA800DC4DC4 /* Statistics+CoreDataProperties.swift */ = {isa = PBXFileReference; fileEncoding = 4; lastKnownFileType = sourcecode.swift; name = "Statistics+CoreDataProperties.swift"; path = "Model/Statistics/Statistics+CoreDataProperties.swift"; sourceTree = "<group>"; };
		A6D845931D910C5D00DC4DC4 /* Checkpoint+CoreDataClass.swift */ = {isa = PBXFileReference; fileEncoding = 4; lastKnownFileType = sourcecode.swift; name = "Checkpoint+CoreDataClass.swift"; path = "iStatistics/Model/Checkpoint+CoreDataClass.swift"; sourceTree = "<group>"; };
		A6D845941D910C5D00DC4DC4 /* Checkpoint+CoreDataProperties.swift */ = {isa = PBXFileReference; fileEncoding = 4; lastKnownFileType = sourcecode.swift; name = "Checkpoint+CoreDataProperties.swift"; path = "iStatistics/Model/Checkpoint+CoreDataProperties.swift"; sourceTree = "<group>"; };
		A6D845951D910C5D00DC4DC4 /* Onetime+CoreDataClass.swift */ = {isa = PBXFileReference; fileEncoding = 4; lastKnownFileType = sourcecode.swift; name = "Onetime+CoreDataClass.swift"; path = "iStatistics/Model/Onetime+CoreDataClass.swift"; sourceTree = "<group>"; };
		A6D845961D910C5D00DC4DC4 /* Onetime+CoreDataProperties.swift */ = {isa = PBXFileReference; fileEncoding = 4; lastKnownFileType = sourcecode.swift; name = "Onetime+CoreDataProperties.swift"; path = "iStatistics/Model/Onetime+CoreDataProperties.swift"; sourceTree = "<group>"; };
/* End PBXFileReference section */

/* Begin PBXFrameworksBuildPhase section */
		2080E2841D902D5000FEC8A7 /* Frameworks */ = {
			isa = PBXFrameworksBuildPhase;
			buildActionMask = 2147483647;
			files = (
			);
			runOnlyForDeploymentPostprocessing = 0;
		};
		2080E29B1D902D5000FEC8A7 /* Frameworks */ = {
			isa = PBXFrameworksBuildPhase;
			buildActionMask = 2147483647;
			files = (
			);
			runOnlyForDeploymentPostprocessing = 0;
		};
		2080E2A61D902D5000FEC8A7 /* Frameworks */ = {
			isa = PBXFrameworksBuildPhase;
			buildActionMask = 2147483647;
			files = (
			);
			runOnlyForDeploymentPostprocessing = 0;
		};
/* End PBXFrameworksBuildPhase section */

/* Begin PBXGroup section */
		2080E27E1D902D5000FEC8A7 = {
			isa = PBXGroup;
			children = (
				A6D845931D910C5D00DC4DC4 /* Checkpoint+CoreDataClass.swift */,
				A6D845941D910C5D00DC4DC4 /* Checkpoint+CoreDataProperties.swift */,
				A6D845951D910C5D00DC4DC4 /* Onetime+CoreDataClass.swift */,
				A6D845961D910C5D00DC4DC4 /* Onetime+CoreDataProperties.swift */,
				2080E2891D902D5000FEC8A7 /* iStatistics */,
				2080E2A11D902D5000FEC8A7 /* iStatisticsTests */,
				2080E2AC1D902D5000FEC8A7 /* iStatisticsUITests */,
				2080E2881D902D5000FEC8A7 /* Products */,
			);
			sourceTree = "<group>";
		};
		2080E2881D902D5000FEC8A7 /* Products */ = {
			isa = PBXGroup;
			children = (
				2080E2871D902D5000FEC8A7 /* iStatistics.app */,
				2080E29E1D902D5000FEC8A7 /* iStatisticsTests.xctest */,
				2080E2A91D902D5000FEC8A7 /* iStatisticsUITests.xctest */,
			);
			name = Products;
			sourceTree = "<group>";
		};
		2080E2891D902D5000FEC8A7 /* iStatistics */ = {
			isa = PBXGroup;
			children = (
				2080E2C01D9030E000FEC8A7 /* iStatistics.xcdatamodeld */,
				2080E28A1D902D5000FEC8A7 /* AppDelegate.swift */,
				2080E2BD1D902DF200FEC8A7 /* Controller */,
				2080E2991D902D5000FEC8A7 /* Info.plist */,
				2080E2BB1D902DC000FEC8A7 /* Mdel */,
				2080E2BF1D902E1A00FEC8A7 /* Resourses */,
				2080E2BE1D902DFC00FEC8A7 /* Utils */,
				2080E2BC1D902DE300FEC8A7 /* ViewController */,
				2080E28C1D902D5000FEC8A7 /* ViewController.swift */,
			);
			path = iStatistics;
			sourceTree = "<group>";
		};
		2080E2A11D902D5000FEC8A7 /* iStatisticsTests */ = {
			isa = PBXGroup;
			children = (
				2080E2A21D902D5000FEC8A7 /* iStatisticsTests.swift */,
				2080E2A41D902D5000FEC8A7 /* Info.plist */,
			);
			path = iStatisticsTests;
			sourceTree = "<group>";
		};
		2080E2AC1D902D5000FEC8A7 /* iStatisticsUITests */ = {
			isa = PBXGroup;
			children = (
				2080E2AD1D902D5000FEC8A7 /* iStatisticsUITests.swift */,
				2080E2AF1D902D5000FEC8A7 /* Info.plist */,
			);
			path = iStatisticsUITests;
			sourceTree = "<group>";
		};
		2080E2BB1D902DC000FEC8A7 /* Mdel */ = {
			isa = PBXGroup;
			children = (
				2080E2E91D904A1F00FEC8A7 /* Field */,
				2080E2E21D9045C300FEC8A7 /* Statistics */,
			);
			name = Mdel;
			sourceTree = "<group>";
		};
		2080E2BC1D902DE300FEC8A7 /* ViewController */ = {
			isa = PBXGroup;
			children = (
			);
			name = ViewController;
			sourceTree = "<group>";
		};
		2080E2BD1D902DF200FEC8A7 /* Controller */ = {
			isa = PBXGroup;
			children = (
				2080E2F31D90550800FEC8A7 /* CoreDataStack.swift */,
				2080E2E71D90493400FEC8A7 /* StatisticsController.swift */,
			);
			name = Controller;
			sourceTree = "<group>";
		};
		2080E2BE1D902DFC00FEC8A7 /* Utils */ = {
			isa = PBXGroup;
			children = (
			);
			name = Utils;
			sourceTree = "<group>";
		};
		2080E2BF1D902E1A00FEC8A7 /* Resourses */ = {
			isa = PBXGroup;
			children = (
				2080E2C91D90311B00FEC8A7 /* Storyboard */,
				2080E2C31D90310600FEC8A7 /* Assets.xcassets */,
				2080E2C51D90310600FEC8A7 /* testData.json */,
			);
			name = Resourses;
			sourceTree = "<group>";
		};
		2080E2C91D90311B00FEC8A7 /* Storyboard */ = {
			isa = PBXGroup;
			children = (
				2080E2CA1D90314600FEC8A7 /* LaunchScreen.storyboard */,
				2080E2CB1D90314600FEC8A7 /* Main.storyboard */,
			);
			name = Storyboard;
			sourceTree = "<group>";
		};
		2080E2E21D9045C300FEC8A7 /* Statistics */ = {
			isa = PBXGroup;
			children = (
				A6D8458F1D90FEA800DC4DC4 /* Statistics+CoreDataClass.swift */,
				A6D845901D90FEA800DC4DC4 /* Statistics+CoreDataProperties.swift */,
			);
			name = Statistics;
			sourceTree = "<group>";
		};
		2080E2E91D904A1F00FEC8A7 /* Field */ = {
			isa = PBXGroup;
			children = (
				2080E2EE1D904F3900FEC8A7 /* Field+CoreDataClass.swift */,
				2080E2EF1D904F3900FEC8A7 /* Field+CoreDataProperties.swift */,
			);
			name = Field;
			sourceTree = "<group>";
		};
/* End PBXGroup section */

/* Begin PBXNativeTarget section */
		2080E2861D902D5000FEC8A7 /* iStatistics */ = {
			isa = PBXNativeTarget;
			buildConfigurationList = 2080E2B21D902D5000FEC8A7 /* Build configuration list for PBXNativeTarget "iStatistics" */;
			buildPhases = (
				2080E2831D902D5000FEC8A7 /* Sources */,
				2080E2841D902D5000FEC8A7 /* Frameworks */,
				2080E2851D902D5000FEC8A7 /* Resources */,
			);
			buildRules = (
			);
			dependencies = (
			);
			name = iStatistics;
			productName = iStatistics;
			productReference = 2080E2871D902D5000FEC8A7 /* iStatistics.app */;
			productType = "com.apple.product-type.application";
		};
		2080E29D1D902D5000FEC8A7 /* iStatisticsTests */ = {
			isa = PBXNativeTarget;
			buildConfigurationList = 2080E2B51D902D5000FEC8A7 /* Build configuration list for PBXNativeTarget "iStatisticsTests" */;
			buildPhases = (
				2080E29A1D902D5000FEC8A7 /* Sources */,
				2080E29B1D902D5000FEC8A7 /* Frameworks */,
				2080E29C1D902D5000FEC8A7 /* Resources */,
			);
			buildRules = (
			);
			dependencies = (
				2080E2A01D902D5000FEC8A7 /* PBXTargetDependency */,
			);
			name = iStatisticsTests;
			productName = iStatisticsTests;
			productReference = 2080E29E1D902D5000FEC8A7 /* iStatisticsTests.xctest */;
			productType = "com.apple.product-type.bundle.unit-test";
		};
		2080E2A81D902D5000FEC8A7 /* iStatisticsUITests */ = {
			isa = PBXNativeTarget;
			buildConfigurationList = 2080E2B81D902D5000FEC8A7 /* Build configuration list for PBXNativeTarget "iStatisticsUITests" */;
			buildPhases = (
				2080E2A51D902D5000FEC8A7 /* Sources */,
				2080E2A61D902D5000FEC8A7 /* Frameworks */,
				2080E2A71D902D5000FEC8A7 /* Resources */,
			);
			buildRules = (
			);
			dependencies = (
				2080E2AB1D902D5000FEC8A7 /* PBXTargetDependency */,
			);
			name = iStatisticsUITests;
			productName = iStatisticsUITests;
			productReference = 2080E2A91D902D5000FEC8A7 /* iStatisticsUITests.xctest */;
			productType = "com.apple.product-type.bundle.ui-testing";
		};
/* End PBXNativeTarget section */

/* Begin PBXProject section */
		2080E27F1D902D5000FEC8A7 /* Project object */ = {
			isa = PBXProject;
			attributes = {
				LastSwiftUpdateCheck = 0800;
				LastUpgradeCheck = 0800;
				ORGANIZATIONNAME = "Maria Biryukova";
				TargetAttributes = {
					2080E2861D902D5000FEC8A7 = {
						CreatedOnToolsVersion = 8.0;
						ProvisioningStyle = Automatic;
					};
					2080E29D1D902D5000FEC8A7 = {
						CreatedOnToolsVersion = 8.0;
						DevelopmentTeam = X4KWZZASQ2;
						ProvisioningStyle = Automatic;
						TestTargetID = 2080E2861D902D5000FEC8A7;
					};
					2080E2A81D902D5000FEC8A7 = {
						CreatedOnToolsVersion = 8.0;
						DevelopmentTeam = X4KWZZASQ2;
						ProvisioningStyle = Automatic;
						TestTargetID = 2080E2861D902D5000FEC8A7;
					};
				};
			};
			buildConfigurationList = 2080E2821D902D5000FEC8A7 /* Build configuration list for PBXProject "iStatistics" */;
			compatibilityVersion = "Xcode 3.2";
			developmentRegion = English;
			hasScannedForEncodings = 0;
			knownRegions = (
				en,
				Base,
			);
			mainGroup = 2080E27E1D902D5000FEC8A7;
			productRefGroup = 2080E2881D902D5000FEC8A7 /* Products */;
			projectDirPath = "";
			projectRoot = "";
			targets = (
				2080E2861D902D5000FEC8A7 /* iStatistics */,
				2080E29D1D902D5000FEC8A7 /* iStatisticsTests */,
				2080E2A81D902D5000FEC8A7 /* iStatisticsUITests */,
			);
		};
/* End PBXProject section */

/* Begin PBXResourcesBuildPhase section */
		2080E2851D902D5000FEC8A7 /* Resources */ = {
			isa = PBXResourcesBuildPhase;
			buildActionMask = 2147483647;
			files = (
				2080E2CC1D90314600FEC8A7 /* LaunchScreen.storyboard in Resources */,
				2080E2C81D90310600FEC8A7 /* testData.json in Resources */,
				2080E2C61D90310600FEC8A7 /* Assets.xcassets in Resources */,
				2080E2CD1D90314600FEC8A7 /* Main.storyboard in Resources */,
			);
			runOnlyForDeploymentPostprocessing = 0;
		};
		2080E29C1D902D5000FEC8A7 /* Resources */ = {
			isa = PBXResourcesBuildPhase;
			buildActionMask = 2147483647;
			files = (
			);
			runOnlyForDeploymentPostprocessing = 0;
		};
		2080E2A71D902D5000FEC8A7 /* Resources */ = {
			isa = PBXResourcesBuildPhase;
			buildActionMask = 2147483647;
			files = (
			);
			runOnlyForDeploymentPostprocessing = 0;
		};
/* End PBXResourcesBuildPhase section */

/* Begin PBXSourcesBuildPhase section */
		2080E2831D902D5000FEC8A7 /* Sources */ = {
			isa = PBXSourcesBuildPhase;
			buildActionMask = 2147483647;
			files = (
				A6D845981D910C5D00DC4DC4 /* Checkpoint+CoreDataProperties.swift in Sources */,
				A6D845921D90FEA800DC4DC4 /* Statistics+CoreDataProperties.swift in Sources */,
				A6D845911D90FEA800DC4DC4 /* Statistics+CoreDataClass.swift in Sources */,
				A6D845991D910C5D00DC4DC4 /* Onetime+CoreDataClass.swift in Sources */,
				2080E2F11D904F3900FEC8A7 /* Field+CoreDataProperties.swift in Sources */,
				2080E28D1D902D5000FEC8A7 /* ViewController.swift in Sources */,
				A6D8459A1D910C5D00DC4DC4 /* Onetime+CoreDataProperties.swift in Sources */,
				2080E28B1D902D5000FEC8A7 /* AppDelegate.swift in Sources */,
				2080E2E81D90493400FEC8A7 /* StatisticsController.swift in Sources */,
				2080E2F41D90550800FEC8A7 /* CoreDataStack.swift in Sources */,
				2080E2C21D9030E000FEC8A7 /* iStatistics.xcdatamodeld in Sources */,
				2080E2F01D904F3900FEC8A7 /* Field+CoreDataClass.swift in Sources */,
				A6D845971D910C5D00DC4DC4 /* Checkpoint+CoreDataClass.swift in Sources */,
			);
			runOnlyForDeploymentPostprocessing = 0;
		};
		2080E29A1D902D5000FEC8A7 /* Sources */ = {
			isa = PBXSourcesBuildPhase;
			buildActionMask = 2147483647;
			files = (
				2080E2A31D902D5000FEC8A7 /* iStatisticsTests.swift in Sources */,
			);
			runOnlyForDeploymentPostprocessing = 0;
		};
		2080E2A51D902D5000FEC8A7 /* Sources */ = {
			isa = PBXSourcesBuildPhase;
			buildActionMask = 2147483647;
			files = (
				2080E2AE1D902D5000FEC8A7 /* iStatisticsUITests.swift in Sources */,
			);
			runOnlyForDeploymentPostprocessing = 0;
		};
/* End PBXSourcesBuildPhase section */

/* Begin PBXTargetDependency section */
		2080E2A01D902D5000FEC8A7 /* PBXTargetDependency */ = {
			isa = PBXTargetDependency;
			target = 2080E2861D902D5000FEC8A7 /* iStatistics */;
			targetProxy = 2080E29F1D902D5000FEC8A7 /* PBXContainerItemProxy */;
		};
		2080E2AB1D902D5000FEC8A7 /* PBXTargetDependency */ = {
			isa = PBXTargetDependency;
			target = 2080E2861D902D5000FEC8A7 /* iStatistics */;
			targetProxy = 2080E2AA1D902D5000FEC8A7 /* PBXContainerItemProxy */;
		};
/* End PBXTargetDependency section */

/* Begin XCBuildConfiguration section */
		2080E2B01D902D5000FEC8A7 /* Debug */ = {
			isa = XCBuildConfiguration;
			buildSettings = {
				ALWAYS_SEARCH_USER_PATHS = NO;
				CLANG_ANALYZER_NONNULL = YES;
				CLANG_CXX_LANGUAGE_STANDARD = "gnu++0x";
				CLANG_CXX_LIBRARY = "libc++";
				CLANG_ENABLE_MODULES = YES;
				CLANG_ENABLE_OBJC_ARC = YES;
				CLANG_WARN_BOOL_CONVERSION = YES;
				CLANG_WARN_CONSTANT_CONVERSION = YES;
				CLANG_WARN_DIRECT_OBJC_ISA_USAGE = YES_ERROR;
				CLANG_WARN_DOCUMENTATION_COMMENTS = YES;
				CLANG_WARN_EMPTY_BODY = YES;
				CLANG_WARN_ENUM_CONVERSION = YES;
				CLANG_WARN_INFINITE_RECURSION = YES;
				CLANG_WARN_INT_CONVERSION = YES;
				CLANG_WARN_OBJC_ROOT_CLASS = YES_ERROR;
				CLANG_WARN_SUSPICIOUS_MOVES = YES;
				CLANG_WARN_UNREACHABLE_CODE = YES;
				CLANG_WARN__DUPLICATE_METHOD_MATCH = YES;
				"CODE_SIGN_IDENTITY[sdk=iphoneos*]" = "iPhone Developer";
				COPY_PHASE_STRIP = NO;
				DEBUG_INFORMATION_FORMAT = dwarf;
				ENABLE_STRICT_OBJC_MSGSEND = YES;
				ENABLE_TESTABILITY = YES;
				GCC_C_LANGUAGE_STANDARD = gnu99;
				GCC_DYNAMIC_NO_PIC = NO;
				GCC_NO_COMMON_BLOCKS = YES;
				GCC_OPTIMIZATION_LEVEL = 0;
				GCC_PREPROCESSOR_DEFINITIONS = (
					"DEBUG=1",
					"$(inherited)",
				);
				GCC_WARN_64_TO_32_BIT_CONVERSION = YES;
				GCC_WARN_ABOUT_RETURN_TYPE = YES_ERROR;
				GCC_WARN_UNDECLARED_SELECTOR = YES;
				GCC_WARN_UNINITIALIZED_AUTOS = YES_AGGRESSIVE;
				GCC_WARN_UNUSED_FUNCTION = YES;
				GCC_WARN_UNUSED_VARIABLE = YES;
				IPHONEOS_DEPLOYMENT_TARGET = 10.0;
				MTL_ENABLE_DEBUG_INFO = YES;
				ONLY_ACTIVE_ARCH = YES;
				SDKROOT = iphoneos;
				SWIFT_ACTIVE_COMPILATION_CONDITIONS = DEBUG;
				SWIFT_OPTIMIZATION_LEVEL = "-Onone";
				TARGETED_DEVICE_FAMILY = "1,2";
			};
			name = Debug;
		};
		2080E2B11D902D5000FEC8A7 /* Release */ = {
			isa = XCBuildConfiguration;
			buildSettings = {
				ALWAYS_SEARCH_USER_PATHS = NO;
				CLANG_ANALYZER_NONNULL = YES;
				CLANG_CXX_LANGUAGE_STANDARD = "gnu++0x";
				CLANG_CXX_LIBRARY = "libc++";
				CLANG_ENABLE_MODULES = YES;
				CLANG_ENABLE_OBJC_ARC = YES;
				CLANG_WARN_BOOL_CONVERSION = YES;
				CLANG_WARN_CONSTANT_CONVERSION = YES;
				CLANG_WARN_DIRECT_OBJC_ISA_USAGE = YES_ERROR;
				CLANG_WARN_DOCUMENTATION_COMMENTS = YES;
				CLANG_WARN_EMPTY_BODY = YES;
				CLANG_WARN_ENUM_CONVERSION = YES;
				CLANG_WARN_INFINITE_RECURSION = YES;
				CLANG_WARN_INT_CONVERSION = YES;
				CLANG_WARN_OBJC_ROOT_CLASS = YES_ERROR;
				CLANG_WARN_SUSPICIOUS_MOVES = YES;
				CLANG_WARN_UNREACHABLE_CODE = YES;
				CLANG_WARN__DUPLICATE_METHOD_MATCH = YES;
				"CODE_SIGN_IDENTITY[sdk=iphoneos*]" = "iPhone Developer";
				COPY_PHASE_STRIP = NO;
				DEBUG_INFORMATION_FORMAT = "dwarf-with-dsym";
				ENABLE_NS_ASSERTIONS = NO;
				ENABLE_STRICT_OBJC_MSGSEND = YES;
				GCC_C_LANGUAGE_STANDARD = gnu99;
				GCC_NO_COMMON_BLOCKS = YES;
				GCC_WARN_64_TO_32_BIT_CONVERSION = YES;
				GCC_WARN_ABOUT_RETURN_TYPE = YES_ERROR;
				GCC_WARN_UNDECLARED_SELECTOR = YES;
				GCC_WARN_UNINITIALIZED_AUTOS = YES_AGGRESSIVE;
				GCC_WARN_UNUSED_FUNCTION = YES;
				GCC_WARN_UNUSED_VARIABLE = YES;
				IPHONEOS_DEPLOYMENT_TARGET = 10.0;
				MTL_ENABLE_DEBUG_INFO = NO;
				SDKROOT = iphoneos;
				SWIFT_OPTIMIZATION_LEVEL = "-Owholemodule";
				TARGETED_DEVICE_FAMILY = "1,2";
				VALIDATE_PRODUCT = YES;
			};
			name = Release;
		};
		2080E2B31D902D5000FEC8A7 /* Debug */ = {
			isa = XCBuildConfiguration;
			buildSettings = {
				ASSETCATALOG_COMPILER_APPICON_NAME = AppIcon;
				DEVELOPMENT_TEAM = "";
				INFOPLIST_FILE = iStatistics/Info.plist;
				LD_RUNPATH_SEARCH_PATHS = "$(inherited) @executable_path/Frameworks";
				PRODUCT_BUNDLE_IDENTIFIER = ru.creator.iStatistics;
				PRODUCT_NAME = "$(TARGET_NAME)";
				SWIFT_VERSION = 3.0;
			};
			name = Debug;
		};
		2080E2B41D902D5000FEC8A7 /* Release */ = {
			isa = XCBuildConfiguration;
			buildSettings = {
				ASSETCATALOG_COMPILER_APPICON_NAME = AppIcon;
				DEVELOPMENT_TEAM = "";
				INFOPLIST_FILE = iStatistics/Info.plist;
				LD_RUNPATH_SEARCH_PATHS = "$(inherited) @executable_path/Frameworks";
				PRODUCT_BUNDLE_IDENTIFIER = ru.creator.iStatistics;
				PRODUCT_NAME = "$(TARGET_NAME)";
				SWIFT_VERSION = 3.0;
			};
			name = Release;
		};
		2080E2B61D902D5000FEC8A7 /* Debug */ = {
			isa = XCBuildConfiguration;
			buildSettings = {
				ALWAYS_EMBED_SWIFT_STANDARD_LIBRARIES = YES;
				BUNDLE_LOADER = "$(TEST_HOST)";
				DEVELOPMENT_TEAM = X4KWZZASQ2;
				INFOPLIST_FILE = iStatisticsTests/Info.plist;
				LD_RUNPATH_SEARCH_PATHS = "$(inherited) @executable_path/Frameworks @loader_path/Frameworks";
				PRODUCT_BUNDLE_IDENTIFIER = ru.creator.iStatisticsTests;
				PRODUCT_NAME = "$(TARGET_NAME)";
				SWIFT_VERSION = 3.0;
				TEST_HOST = "$(BUILT_PRODUCTS_DIR)/iStatistics.app/iStatistics";
			};
			name = Debug;
		};
		2080E2B71D902D5000FEC8A7 /* Release */ = {
			isa = XCBuildConfiguration;
			buildSettings = {
				ALWAYS_EMBED_SWIFT_STANDARD_LIBRARIES = YES;
				BUNDLE_LOADER = "$(TEST_HOST)";
				DEVELOPMENT_TEAM = X4KWZZASQ2;
				INFOPLIST_FILE = iStatisticsTests/Info.plist;
				LD_RUNPATH_SEARCH_PATHS = "$(inherited) @executable_path/Frameworks @loader_path/Frameworks";
				PRODUCT_BUNDLE_IDENTIFIER = ru.creator.iStatisticsTests;
				PRODUCT_NAME = "$(TARGET_NAME)";
				SWIFT_VERSION = 3.0;
				TEST_HOST = "$(BUILT_PRODUCTS_DIR)/iStatistics.app/iStatistics";
			};
			name = Release;
		};
		2080E2B91D902D5000FEC8A7 /* Debug */ = {
			isa = XCBuildConfiguration;
			buildSettings = {
				ALWAYS_EMBED_SWIFT_STANDARD_LIBRARIES = YES;
				DEVELOPMENT_TEAM = X4KWZZASQ2;
				INFOPLIST_FILE = iStatisticsUITests/Info.plist;
				LD_RUNPATH_SEARCH_PATHS = "$(inherited) @executable_path/Frameworks @loader_path/Frameworks";
				PRODUCT_BUNDLE_IDENTIFIER = ru.creator.iStatisticsUITests;
				PRODUCT_NAME = "$(TARGET_NAME)";
				SWIFT_VERSION = 3.0;
				TEST_TARGET_NAME = iStatistics;
			};
			name = Debug;
		};
		2080E2BA1D902D5000FEC8A7 /* Release */ = {
			isa = XCBuildConfiguration;
			buildSettings = {
				ALWAYS_EMBED_SWIFT_STANDARD_LIBRARIES = YES;
				DEVELOPMENT_TEAM = X4KWZZASQ2;
				INFOPLIST_FILE = iStatisticsUITests/Info.plist;
				LD_RUNPATH_SEARCH_PATHS = "$(inherited) @executable_path/Frameworks @loader_path/Frameworks";
				PRODUCT_BUNDLE_IDENTIFIER = ru.creator.iStatisticsUITests;
				PRODUCT_NAME = "$(TARGET_NAME)";
				SWIFT_VERSION = 3.0;
				TEST_TARGET_NAME = iStatistics;
			};
			name = Release;
		};
/* End XCBuildConfiguration section */

/* Begin XCConfigurationList section */
		2080E2821D902D5000FEC8A7 /* Build configuration list for PBXProject "iStatistics" */ = {
			isa = XCConfigurationList;
			buildConfigurations = (
				2080E2B01D902D5000FEC8A7 /* Debug */,
				2080E2B11D902D5000FEC8A7 /* Release */,
			);
			defaultConfigurationIsVisible = 0;
			defaultConfigurationName = Release;
		};
		2080E2B21D902D5000FEC8A7 /* Build configuration list for PBXNativeTarget "iStatistics" */ = {
			isa = XCConfigurationList;
			buildConfigurations = (
				2080E2B31D902D5000FEC8A7 /* Debug */,
				2080E2B41D902D5000FEC8A7 /* Release */,
			);
			defaultConfigurationIsVisible = 0;
			defaultConfigurationName = Release;
		};
		2080E2B51D902D5000FEC8A7 /* Build configuration list for PBXNativeTarget "iStatisticsTests" */ = {
			isa = XCConfigurationList;
			buildConfigurations = (
				2080E2B61D902D5000FEC8A7 /* Debug */,
				2080E2B71D902D5000FEC8A7 /* Release */,
			);
			defaultConfigurationIsVisible = 0;
			defaultConfigurationName = Release;
		};
		2080E2B81D902D5000FEC8A7 /* Build configuration list for PBXNativeTarget "iStatisticsUITests" */ = {
			isa = XCConfigurationList;
			buildConfigurations = (
				2080E2B91D902D5000FEC8A7 /* Debug */,
				2080E2BA1D902D5000FEC8A7 /* Release */,
			);
			defaultConfigurationIsVisible = 0;
			defaultConfigurationName = Release;
		};
/* End XCConfigurationList section */

/* Begin XCVersionGroup section */
		2080E2C01D9030E000FEC8A7 /* iStatistics.xcdatamodeld */ = {
			isa = XCVersionGroup;
			children = (
				2080E2F21D90507E00FEC8A7 /* iStatistics.xcdatamodel */,
				2080E2C11D9030E000FEC8A7 /* test.xcdatamodel */,
			);
			currentVersion = 2080E2F21D90507E00FEC8A7 /* iStatistics.xcdatamodel */;
			path = iStatistics.xcdatamodeld;
			sourceTree = "<group>";
			versionGroupType = wrapper.xcdatamodel;
		};
/* End XCVersionGroup section */
	};
	rootObject = 2080E27F1D902D5000FEC8A7 /* Project object */;
}
